Microsoft Visual Studio Solution File, Format Version 12.00
# Visual Studio Version 17
VisualStudioVersion = 17.5.2.0
MinimumVisualStudioVersion = 10.0.40219.1
Project("{FAE04EC0-301F-11D3-BF4B-00C04F79EFBC}") = "WebAppLocalization", "WebAppLocalization.csproj", "{94EBE257-9C5E-F3FD-0268-4299C0D25FE3}"
EndProject
Global
	GlobalSection(SolutionConfigurationPlatforms) = preSolution
		Debug|Any CPU = Debug|Any CPU
		Release|Any CPU = Release|Any CPU
	EndGlobalSection
	GlobalSection(ProjectConfigurationPlatforms) = postSolution
		{94EBE257-9C5E-F3FD-0268-4299C0D25FE3}.Debug|Any CPU.ActiveCfg = Debug|Any CPU
		{94EBE257-9C5E-F3FD-0268-4299C0D25FE3}.Debug|Any CPU.Build.0 = Debug|Any CPU
		{94EBE257-9C5E-F3FD-0268-4299C0D25FE3}.Release|Any CPU.ActiveCfg = Release|Any CPU
		{94EBE257-9C5E-F3FD-0268-4299C0D25FE3}.Release|Any CPU.Build.0 = Release|Any CPU
	EndGlobalSection
	GlobalSection(SolutionProperties) = preSolution
		HideSolutionNode = FALSE
	EndGlobalSection
	GlobalSection(ExtensibilityGlobals) = postSolution
		SolutionGuid = {7D11CDB3-DD8E-43F0-8D37-EA7A22CBF3BF}
	EndGlobalSection
EndGlobal
